
Microsoft Visual Studio Solution File, Format Version 12.00
# Visual Studio Version 17
VisualStudioVersion = 17.7.34031.279
MinimumVisualStudioVersion = 10.0.40219.1
Project("{FAE04EC0-301F-11D3-BF4B-00C04F79EFBC}") = "FACSVRCA", "FACSVRCA\FACSVRCA.csproj", "{3E50460F-EDBF-4091-A97C-2E25BADDBB71}"
EndProject
Global
	GlobalSection(SolutionConfigurationPlatforms) = preSolution
		Debug|Any CPU = Debug|Any CPU
		Release|Any CPU = Release|Any CPU
	EndGlobalSection
	GlobalSection(ProjectConfigurationPlatforms) = postSolution
		{3E50460F-EDBF-4091-A97C-2E25BADDBB71}.Debug|Any CPU.ActiveCfg = Debug|Any CPU
		{3E50460F-EDBF-4091-A97C-2E25BADDBB71}.Debug|Any CPU.Build.0 = Debug|Any CPU
		{3E50460F-EDBF-4091-A97C-2E25BADDBB71}.Release|Any CPU.ActiveCfg = Release|Any CPU
		{3E50460F-EDBF-4091-A97C-2E25BADDBB71}.Release|Any CPU.Build.0 = Release|Any CPU
	EndGlobalSection
	GlobalSection(SolutionProperties) = preSolution
		HideSolutionNode = FALSE
	EndGlobalSection
	GlobalSection(ExtensibilityGlobals) = postSolution
		SolutionGuid = {3B2ADE14-DC4B-4530-AE1A-A309E27B3AAA}
	EndGlobalSection
EndGlobal
